{
    "name": "amazing",
    "version": "1.0.0",
    "lockfileVersion": 2,
    "requires": true,
    "packages": {
        "": {
            "name": "amazing",
            "version": "1.0.0",
            "hasInstallScript": true,
            "license": "ISC",
            "dependencies": {
                "@fortawesome/free-brands-svg-icons": "^6.4.2",
                "validator": "^13.11.0"
            }
        },
        "node_modules/@fortawesome/fontawesome-common-types": {
            "version": "6.4.2",
            "resolved": "https://registry.npmjs.org/@fortawesome/fontawesome-common-types/-/fontawesome-common-types-6.4.2.tgz",
            "integrity": "sha512-1DgP7f+XQIJbLFCTX1V2QnxVmpLdKdzzo2k8EmvDOePfchaIGQ9eCHj2up3/jNEbZuBqel5OxiaOJf37TWauRA==",
            "hasInstallScript": true,
            "engines": {
                "node": ">=6"
            }
        },
        "node_modules/@fortawesome/free-brands-svg-icons": {
            "version": "6.4.2",
            "resolved": "https://registry.npmjs.org/@fortawesome/free-brands-svg-icons/-/free-brands-svg-icons-6.4.2.tgz",
            "integrity": "sha512-LKOwJX0I7+mR/cvvf6qIiqcERbdnY+24zgpUSouySml+5w8B4BJOx8EhDR/FTKAu06W12fmUIcv6lzPSwYKGGg==",
            "hasInstallScript": true,
            "dependencies": {
                "@fortawesome/fontawesome-common-types": "6.4.2"
            },
            "engines": {
                "node": ">=6"
            }
        },
        "node_modules/validator": {
            "version": "13.11.0",
            "resolved": "https://registry.npmjs.org/validator/-/validator-13.11.0.tgz",
            "integrity": "sha512-Ii+sehpSfZy+At5nPdnyMhx78fEoPDkR2XW/zimHEL3MyGJQOCQ7WeP20jPYRz7ZCpcKLB21NxuXHF3bxjStBQ==",
            "engines": {
                "node": ">= 0.10"
            }
        }
    },
    "dependencies": {
        "@fortawesome/fontawesome-common-types": {
            "version": "6.4.2",
            "resolved": "https://registry.npmjs.org/@fortawesome/fontawesome-common-types/-/fontawesome-common-types-6.4.2.tgz",
            "integrity": "sha512-1DgP7f+XQIJbLFCTX1V2QnxVmpLdKdzzo2k8EmvDOePfchaIGQ9eCHj2up3/jNEbZuBqel5OxiaOJf37TWauRA=="
        },
        "@fortawesome/free-brands-svg-icons": {
            "version": "6.4.2",
            "resolved": "https://registry.npmjs.org/@fortawesome/free-brands-svg-icons/-/free-brands-svg-icons-6.4.2.tgz",
            "integrity": "sha512-LKOwJX0I7+mR/cvvf6qIiqcERbdnY+24zgpUSouySml+5w8B4BJOx8EhDR/FTKAu06W12fmUIcv6lzPSwYKGGg==",
            "requires": {
                "@fortawesome/fontawesome-common-types": "6.4.2"
            }
        },
        "validator": {
            "version": "13.11.0",
            "resolved": "https://registry.npmjs.org/validator/-/validator-13.11.0.tgz",
            "integrity": "sha512-Ii+sehpSfZy+At5nPdnyMhx78fEoPDkR2XW/zimHEL3MyGJQOCQ7WeP20jPYRz7ZCpcKLB21NxuXHF3bxjStBQ=="
        }
    }
}
